
Microsoft Visual Studio Solution File, Format Version 12.00
# Visual Studio Version 16
VisualStudioVersion = 16.0.29613.14
MinimumVisualStudioVersion = 10.0.40219.1
Project("{FAE04EC0-301F-11D3-BF4B-00C04F79EFBC}") = "pattern", "pattern.csproj", "{0891EB7E-F3D4-4456-B26E-C9765ECD4698}"
EndProject
Project("{FAE04EC0-301F-11D3-BF4B-00C04F79EFBC}") = "factory1", "..\factory1\factory1.csproj", "{0F6678E9-1A4E-4376-B7F5-465885BC7115}"
EndProject
Global
	GlobalSection(SolutionConfigurationPlatforms) = preSolution
		Debug|Any CPU = Debug|Any CPU
		Release|Any CPU = Release|Any CPU
	EndGlobalSection
	GlobalSection(ProjectConfigurationPlatforms) = postSolution
		{0891EB7E-F3D4-4456-B26E-C9765ECD4698}.Debug|Any CPU.ActiveCfg = Debug|Any CPU
		{0891EB7E-F3D4-4456-B26E-C9765ECD4698}.Debug|Any CPU.Build.0 = Debug|Any CPU
		{0891EB7E-F3D4-4456-B26E-C9765ECD4698}.Release|Any CPU.ActiveCfg = Release|Any CPU
		{0891EB7E-F3D4-4456-B26E-C9765ECD4698}.Release|Any CPU.Build.0 = Release|Any CPU
		{0F6678E9-1A4E-4376-B7F5-465885BC7115}.Debug|Any CPU.ActiveCfg = Debug|Any CPU
		{0F6678E9-1A4E-4376-B7F5-465885BC7115}.Debug|Any CPU.Build.0 = Debug|Any CPU
		{0F6678E9-1A4E-4376-B7F5-465885BC7115}.Release|Any CPU.ActiveCfg = Release|Any CPU
		{0F6678E9-1A4E-4376-B7F5-465885BC7115}.Release|Any CPU.Build.0 = Release|Any CPU
	EndGlobalSection
	GlobalSection(SolutionProperties) = preSolution
		HideSolutionNode = FALSE
	EndGlobalSection
	GlobalSection(ExtensibilityGlobals) = postSolution
		SolutionGuid = {52F8BB28-07E5-45E3-A61D-7DA15C248C23}
	EndGlobalSection
EndGlobal
